PODS:
  - Flutter (1.0.0)
  - flutter_roomplan (0.0.4):
    - Flutter
  - permission_handler_apple (9.4.8):
    - Flutter
  - room_scan_kit (0.6.13):
    - Flutter
  - share_plus (0.0.1):
    - Flutter
  - shared_preferences_foundation (0.0.1):
    - Flutter
    - FlutterMacOS

DEPENDENCIES:
  - Flutter (from `Flutter`)
  - flutter_roomplan (from `.symlinks/plugins/flutter_roomplan/ios`)
  - permission_handler_apple (from `.symlinks/plugins/permission_handler_apple/ios`)
  - room_scan_kit (from `.symlinks/plugins/room_scan_kit/ios`)
  - share_plus (from `.symlinks/plugins/share_plus/ios`)
  - shared_preferences_foundation (from `.symlinks/plugins/shared_preferences_foundation/darwin`)

EXTERNAL SOURCES:
  Flutter:
    :path: Flutter
  flutter_roomplan:
    :path: ".symlinks/plugins/flutter_roomplan/ios"
  permission_handler_apple:
    :path: ".symlinks/plugins/permission_handler_apple/ios"
  room_scan_kit:
    :path: ".symlinks/plugins/room_scan_kit/ios"
  share_plus:
    :path: ".symlinks/plugins/share_plus/ios"
  shared_preferences_foundation:
    :path: ".symlinks/plugins/shared_preferences_foundation/darwin"

SPEC CHECKSUMS:
  Flutter: cabc95a1d2626b1b06e7179b784ebcf0c0cde467
  flutter_roomplan: a0df08e00ddc20fda094f6480163255a13bbd3bc
  permission_handler_apple: ee2fe0fd04551b304eb002714ff067c371c822ed
  room_scan_kit: 72124a2b62e784f8a582e8db59f6ed66ea45072c
  share_plus: 8b6f8b3447e494cca5317c8c3073de39b3600d1f
  shared_preferences_foundation: 5086985c1d43c5ba4d5e69a4e8083a389e2909e6

PODFILE CHECKSUM: a4be289dbe165666b96931c9c8169eda94a1e3ec

COCOAPODS: 1.16.2
